
Microsoft Visual Studio Solution File, Format Version 12.00
# Visual Studio Version 17
VisualStudioVersion = 17.0.31903.59
MinimumVisualStudioVersion = 10.0.40219.1
Project("{9A19103F-16F7-4668-BE54-9A1E7A4F7556}") = "UIBenchmarks", "UIBenchmarks\UIBenchmarks.csproj", "{93CFA513-3671-4B7D-B8DC-A2ACA287B6D3}"
EndProject
Project("{9A19103F-16F7-4668-BE54-9A1E7A4F7556}") = "UIBenchmarks.AppMaui", "UIBenchmarks.AppMaui\UIBenchmarks.AppMaui.csproj", "{22570C37-774B-4C4B-822D-AE3506DB16B6}"
EndProject
Project("{9A19103F-16F7-4668-BE54-9A1E7A4F7556}") = "UIBenchmarks.MauiUI", "UIBenchmarks.MauiUI\UIBenchmarks.MauiUI.csproj", "{50E6DA4A-F2AD-425D-B5D8-7DDA02264EA4}"
EndProject
Global
	GlobalSection(SolutionConfigurationPlatforms) = preSolution
		Debug|Any CPU = Debug|Any CPU
		Release|Any CPU = Release|Any CPU
	EndGlobalSection
	GlobalSection(ProjectConfigurationPlatforms) = postSolution
		{93CFA513-3671-4B7D-B8DC-A2ACA287B6D3}.Debug|Any CPU.ActiveCfg = Debug|Any CPU
		{93CFA513-3671-4B7D-B8DC-A2ACA287B6D3}.Debug|Any CPU.Build.0 = Debug|Any CPU
		{93CFA513-3671-4B7D-B8DC-A2ACA287B6D3}.Release|Any CPU.ActiveCfg = Release|Any CPU
		{93CFA513-3671-4B7D-B8DC-A2ACA287B6D3}.Release|Any CPU.Build.0 = Release|Any CPU
		{22570C37-774B-4C4B-822D-AE3506DB16B6}.Debug|Any CPU.ActiveCfg = Debug|Any CPU
		{22570C37-774B-4C4B-822D-AE3506DB16B6}.Debug|Any CPU.Build.0 = Debug|Any CPU
		{22570C37-774B-4C4B-822D-AE3506DB16B6}.Debug|Any CPU.Deploy.0 = Debug|Any CPU
		{22570C37-774B-4C4B-822D-AE3506DB16B6}.Release|Any CPU.ActiveCfg = Release|Any CPU
		{22570C37-774B-4C4B-822D-AE3506DB16B6}.Release|Any CPU.Build.0 = Release|Any CPU
		{22570C37-774B-4C4B-822D-AE3506DB16B6}.Release|Any CPU.Deploy.0 = Release|Any CPU
		{50E6DA4A-F2AD-425D-B5D8-7DDA02264EA4}.Debug|Any CPU.ActiveCfg = Debug|Any CPU
		{50E6DA4A-F2AD-425D-B5D8-7DDA02264EA4}.Debug|Any CPU.Build.0 = Debug|Any CPU
		{50E6DA4A-F2AD-425D-B5D8-7DDA02264EA4}.Release|Any CPU.ActiveCfg = Release|Any CPU
		{50E6DA4A-F2AD-425D-B5D8-7DDA02264EA4}.Release|Any CPU.Build.0 = Release|Any CPU
	EndGlobalSection
	GlobalSection(SolutionProperties) = preSolution
		HideSolutionNode = FALSE
	EndGlobalSection
EndGlobal
